
Microsoft Visual Studio Solution File, Format Version 12.00
# Visual Studio Version 17
VisualStudioVersion = 17.4.33110.190
MinimumVisualStudioVersion = 10.0.40219.1
Project("{FAE04EC0-301F-11D3-BF4B-00C04F79EFBC}") = "GiaiPhuongTrinhBacNhat", "csharp_exercises\GiaiPhuongTrinhBacNhat.csproj", "{A2E6860F-FB67-402A-8365-5A452921A6F3}"
EndProject
Project("{FAE04EC0-301F-11D3-BF4B-00C04F79EFBC}") = "GiaiPTBac2", "GiaiPTBac2\GiaiPTBac2.csproj", "{D577AB97-73AD-43D0-BD69-32C16CF8498F}"
EndProject
Global
	GlobalSection(SolutionConfigurationPlatforms) = preSolution
		Debug|Any CPU = Debug|Any CPU
		Release|Any CPU = Release|Any CPU
	EndGlobalSection
	GlobalSection(ProjectConfigurationPlatforms) = postSolution
		{A2E6860F-FB67-402A-8365-5A452921A6F3}.Debug|Any CPU.ActiveCfg = Debug|Any CPU
		{A2E6860F-FB67-402A-8365-5A452921A6F3}.Debug|Any CPU.Build.0 = Debug|Any CPU
		{A2E6860F-FB67-402A-8365-5A452921A6F3}.Release|Any CPU.ActiveCfg = Release|Any CPU
		{A2E6860F-FB67-402A-8365-5A452921A6F3}.Release|Any CPU.Build.0 = Release|Any CPU
		{D577AB97-73AD-43D0-BD69-32C16CF8498F}.Debug|Any CPU.ActiveCfg = Debug|Any CPU
		{D577AB97-73AD-43D0-BD69-32C16CF8498F}.Debug|Any CPU.Build.0 = Debug|Any CPU
		{D577AB97-73AD-43D0-BD69-32C16CF8498F}.Release|Any CPU.ActiveCfg = Release|Any CPU
		{D577AB97-73AD-43D0-BD69-32C16CF8498F}.Release|Any CPU.Build.0 = Release|Any CPU
	EndGlobalSection
	GlobalSection(SolutionProperties) = preSolution
		HideSolutionNode = FALSE
	EndGlobalSection
	GlobalSection(ExtensibilityGlobals) = postSolution
		SolutionGuid = {FB462160-70C3-4C41-81AD-BCB7304359E1}
	EndGlobalSection
EndGlobal
